
Microsoft Visual Studio Solution File, Format Version 12.00
# Visual Studio Version 17
VisualStudioVersion = 17.0.31912.275
MinimumVisualStudioVersion = 10.0.40219.1
Project("{FAE04EC0-301F-11D3-BF4B-00C04F79EFBC}") = "VkGroupsPostSyncHelper", "VkGroupsPostSyncHelper.csproj", "{A72710AD-258E-423F-8585-EB4A9491F389}"
EndProject
Global
	GlobalSection(SolutionConfigurationPlatforms) = preSolution
		Debug|Any CPU = Debug|Any CPU
		Release|Any CPU = Release|Any CPU
	EndGlobalSection
	GlobalSection(ProjectConfigurationPlatforms) = postSolution
		{A72710AD-258E-423F-8585-EB4A9491F389}.Debug|Any CPU.ActiveCfg = Debug|Any CPU
		{A72710AD-258E-423F-8585-EB4A9491F389}.Debug|Any CPU.Build.0 = Debug|Any CPU
		{A72710AD-258E-423F-8585-EB4A9491F389}.Release|Any CPU.ActiveCfg = Release|Any CPU
		{A72710AD-258E-423F-8585-EB4A9491F389}.Release|Any CPU.Build.0 = Release|Any CPU
	EndGlobalSection
	GlobalSection(SolutionProperties) = preSolution
		HideSolutionNode = FALSE
	EndGlobalSection
	GlobalSection(ExtensibilityGlobals) = postSolution
		SolutionGuid = {39E200B3-E5F4-4541-8F6A-8004919D0EC5}
	EndGlobalSection
EndGlobal
