
Microsoft Visual Studio Solution File, Format Version 12.00
# Visual Studio Version 17
VisualStudioVersion = 17.0.31912.275
MinimumVisualStudioVersion = 10.0.40219.1
Project("{9A19103F-16F7-4668-BE54-9A1E7A4F7556}") = "VkGroupsPostSyncHelper", "VkGroupsPostSyncHelper\VkGroupsPostSyncHelper.csproj", "{B6E5A1AB-649C-400A-B591-4A767ED378EC}"
EndProject
Project("{9A19103F-16F7-4668-BE54-9A1E7A4F7556}") = "VkGroupsPostSyncHelper.DAL", "VkGroupsPostSyncHelper.DAL\VkGroupsPostSyncHelper.DAL.csproj", "{EBC2F4FD-C3C5-473F-AD7B-6FFB5DF4A892}"
EndProject
Project("{2150E333-8FDC-42A3-9474-1A3956D46DE8}") = "Solution Items", "Solution Items", "{7D280AA1-9643-4A42-9B41-CC0930EAFA3E}"
	ProjectSection(SolutionItems) = preProject
		Dockerfile = Dockerfile
	EndProjectSection
EndProject
Global
	GlobalSection(SolutionConfigurationPlatforms) = preSolution
		Debug|Any CPU = Debug|Any CPU
		Release|Any CPU = Release|Any CPU
	EndGlobalSection
	GlobalSection(ProjectConfigurationPlatforms) = postSolution
		{B6E5A1AB-649C-400A-B591-4A767ED378EC}.Debug|Any CPU.ActiveCfg = Debug|Any CPU
		{B6E5A1AB-649C-400A-B591-4A767ED378EC}.Debug|Any CPU.Build.0 = Debug|Any CPU
		{B6E5A1AB-649C-400A-B591-4A767ED378EC}.Release|Any CPU.ActiveCfg = Release|Any CPU
		{B6E5A1AB-649C-400A-B591-4A767ED378EC}.Release|Any CPU.Build.0 = Release|Any CPU
		{EBC2F4FD-C3C5-473F-AD7B-6FFB5DF4A892}.Debug|Any CPU.ActiveCfg = Debug|Any CPU
		{EBC2F4FD-C3C5-473F-AD7B-6FFB5DF4A892}.Debug|Any CPU.Build.0 = Debug|Any CPU
		{EBC2F4FD-C3C5-473F-AD7B-6FFB5DF4A892}.Release|Any CPU.ActiveCfg = Release|Any CPU
		{EBC2F4FD-C3C5-473F-AD7B-6FFB5DF4A892}.Release|Any CPU.Build.0 = Release|Any CPU
	EndGlobalSection
	GlobalSection(SolutionProperties) = preSolution
		HideSolutionNode = FALSE
	EndGlobalSection
	GlobalSection(ExtensibilityGlobals) = postSolution
		SolutionGuid = {647BF1C2-DCD6-4F81-A8E9-B8DAFF9EC8AE}
	EndGlobalSection
EndGlobal
